
Microsoft Visual Studio Solution File, Format Version 12.00
# Visual Studio 15
Project("{FAE04EC0-301F-11D3-BF4B-00C04F79EFBC}") = "simulasi-penyebaran-covid-19", "simulasi-penyebaran-covid-19.csproj", "{E90C61E5-1B5E-4F1E-96B5-936978414E18}"
EndProject
Global
	GlobalSection(SolutionConfigurationPlatforms) = preSolution
		Debug|Any CPU = Debug|Any CPU
		Release|Any CPU = Release|Any CPU
	EndGlobalSection
	GlobalSection(ProjectConfigurationPlatforms) = postSolution
		{E90C61E5-1B5E-4F1E-96B5-936978414E18}.Debug|Any CPU.ActiveCfg = Debug|Any CPU
		{E90C61E5-1B5E-4F1E-96B5-936978414E18}.Debug|Any CPU.Build.0 = Debug|Any CPU
		{E90C61E5-1B5E-4F1E-96B5-936978414E18}.Release|Any CPU.ActiveCfg = Release|Any CPU
		{E90C61E5-1B5E-4F1E-96B5-936978414E18}.Release|Any CPU.Build.0 = Release|Any CPU
	EndGlobalSection
EndGlobal
